
Microsoft Visual Studio Solution File, Format Version 12.00
# Visual Studio 2013
VisualStudioVersion = 12.0.21005.1
MinimumVisualStudioVersion = 10.0.40219.1
Project("{FAE04EC0-301F-11D3-BF4B-00C04F79EFBC}") = "XPGroup", "XPGroup.csproj", "{B21C151C-2E70-4FDF-ACCF-367C257CCBDA}"
EndProject
Global
	GlobalSection(SolutionConfigurationPlatforms) = preSolution
		Debug|Any CPU = Debug|Any CPU
		Release|Any CPU = Release|Any CPU
	EndGlobalSection
	GlobalSection(ProjectConfigurationPlatforms) = postSolution
		{B21C151C-2E70-4FDF-ACCF-367C257CCBDA}.Debug|Any CPU.ActiveCfg = Debug|Any CPU
		{B21C151C-2E70-4FDF-ACCF-367C257CCBDA}.Debug|Any CPU.Build.0 = Debug|Any CPU
		{B21C151C-2E70-4FDF-ACCF-367C257CCBDA}.Release|Any CPU.ActiveCfg = Release|Any CPU
		{B21C151C-2E70-4FDF-ACCF-367C257CCBDA}.Release|Any CPU.Build.0 = Release|Any CPU
	EndGlobalSection
	GlobalSection(SolutionProperties) = preSolution
		HideSolutionNode = FALSE
	EndGlobalSection
EndGlobal
